
Microsoft Visual Studio Solution File, Format Version 12.00
# Visual Studio Version 17
VisualStudioVersion = 17.9.34714.143
MinimumVisualStudioVersion = 10.0.40219.1
Project("{9A19103F-16F7-4668-BE54-9A1E7A4F7556}") = "DollarConvert", "DollarConvert\DollarConvert.csproj", "{7DD86702-583A-4E6E-BC40-5505C0EFCA5F}"
EndProject
Project("{9A19103F-16F7-4668-BE54-9A1E7A4F7556}") = "4. LoopPractice-Foreach", "4. LoopPractice-Foreach\4. LoopPractice-Foreach.csproj", "{095147B3-A311-4770-8FE6-567716B26914}"
EndProject
Project("{9A19103F-16F7-4668-BE54-9A1E7A4F7556}") = "5. LoopPractice-Foreach-SwitchCase", "5. LoopPractice-Foreach-SwitchCase\5. LoopPractice-Foreach-SwitchCase.csproj", "{9F13445B-9C2D-4C89-A977-FCCC7F35B00A}"
EndProject
Project("{9A19103F-16F7-4668-BE54-9A1E7A4F7556}") = "1. LoopPractice-For", "1. LoopPractice-For\1. LoopPractice-For.csproj", "{F3C96EDB-C1D6-430C-8B65-C556EBD7FBE9}"
EndProject
Project("{9A19103F-16F7-4668-BE54-9A1E7A4F7556}") = "2. LoopPractice-For-Array", "2. LoopPractice-For-Array\2. LoopPractice-For-Array.csproj", "{5DEF6E7C-6040-436B-9319-036601ABEE3E}"
EndProject
Project("{9A19103F-16F7-4668-BE54-9A1E7A4F7556}") = "3. OperatorPractice", "3. OperatorPractice\3. OperatorPractice.csproj", "{4867A57B-2D90-4732-8C10-5A26BB143228}"
EndProject
Project("{9A19103F-16F7-4668-BE54-9A1E7A4F7556}") = "Homework-SortInput", "Homework-SortInput\Homework-SortInput.csproj", "{83DA3AE6-360F-4B91-BA2A-06F068F8EA6D}"
EndProject
Project("{9A19103F-16F7-4668-BE54-9A1E7A4F7556}") = "Homework-DaVanChiCode", "Homework-DaVanChiCode\Homework-DaVanChiCode.csproj", "{C6330034-A586-4665-BF27-337F7EFC9D82}"
EndProject
Project("{9A19103F-16F7-4668-BE54-9A1E7A4F7556}") = "Homework_2-1-StringReplace", "Homework_2-1-StringReplace\Homework_2-1-StringReplace.csproj", "{53EBB987-EFDE-4E9A-A0AD-DFE5CE980547}"
EndProject
Project("{9A19103F-16F7-4668-BE54-9A1E7A4F7556}") = "Homework_2-2-PrimeNumber", "Homework_2-2-PrimeNumber\Homework_2-2-PrimeNumber.csproj", "{2C988535-95C5-4DFF-84D4-9F04767FF4BF}"
EndProject
Project("{9A19103F-16F7-4668-BE54-9A1E7A4F7556}") = "Homework_2-3_Palindrome", "Homework_2-3_Palindrome\Homework_2-3_Palindrome.csproj", "{F8B9CA9A-4C46-4914-B287-73EA021E13C0}"
EndProject
Project("{9A19103F-16F7-4668-BE54-9A1E7A4F7556}") = "Homework_2-4-TriangleNumber", "Homework_2-4-TriangleNumber\Homework_2-4-TriangleNumber.csproj", "{90EFCC5A-6790-4270-A1F2-63CC4D2A20DE}"
EndProject
Project("{9A19103F-16F7-4668-BE54-9A1E7A4F7556}") = "Homework_2-5-StudentObject", "Homework_2-5-StudentObject\Homework_2-5-StudentObject.csproj", "{654AC608-5495-4C4B-B66D-973F32E0E0B7}"
EndProject
Global
	GlobalSection(SolutionConfigurationPlatforms) = preSolution
		Debug|Any CPU = Debug|Any CPU
		Release|Any CPU = Release|Any CPU
		Test|Any CPU = Test|Any CPU
	EndGlobalSection
	GlobalSection(ProjectConfigurationPlatforms) = postSolution
		{7DD86702-583A-4E6E-BC40-5505C0EFCA5F}.Debug|Any CPU.ActiveCfg = Debug|Any CPU
		{7DD86702-583A-4E6E-BC40-5505C0EFCA5F}.Debug|Any CPU.Build.0 = Debug|Any CPU
		{7DD86702-583A-4E6E-BC40-5505C0EFCA5F}.Release|Any CPU.ActiveCfg = Release|Any CPU
		{7DD86702-583A-4E6E-BC40-5505C0EFCA5F}.Release|Any CPU.Build.0 = Release|Any CPU
		{7DD86702-583A-4E6E-BC40-5505C0EFCA5F}.Test|Any CPU.ActiveCfg = Test|Any CPU
		{7DD86702-583A-4E6E-BC40-5505C0EFCA5F}.Test|Any CPU.Build.0 = Test|Any CPU
		{095147B3-A311-4770-8FE6-567716B26914}.Debug|Any CPU.ActiveCfg = Debug|Any CPU
		{095147B3-A311-4770-8FE6-567716B26914}.Debug|Any CPU.Build.0 = Debug|Any CPU
		{095147B3-A311-4770-8FE6-567716B26914}.Release|Any CPU.ActiveCfg = Release|Any CPU
		{095147B3-A311-4770-8FE6-567716B26914}.Release|Any CPU.Build.0 = Release|Any CPU
		{095147B3-A311-4770-8FE6-567716B26914}.Test|Any CPU.ActiveCfg = Debug|Any CPU
		{095147B3-A311-4770-8FE6-567716B26914}.Test|Any CPU.Build.0 = Debug|Any CPU
		{9F13445B-9C2D-4C89-A977-FCCC7F35B00A}.Debug|Any CPU.ActiveCfg = Debug|Any CPU
		{9F13445B-9C2D-4C89-A977-FCCC7F35B00A}.Debug|Any CPU.Build.0 = Debug|Any CPU
		{9F13445B-9C2D-4C89-A977-FCCC7F35B00A}.Release|Any CPU.ActiveCfg = Release|Any CPU
		{9F13445B-9C2D-4C89-A977-FCCC7F35B00A}.Release|Any CPU.Build.0 = Release|Any CPU
		{9F13445B-9C2D-4C89-A977-FCCC7F35B00A}.Test|Any CPU.ActiveCfg = Debug|Any CPU
		{9F13445B-9C2D-4C89-A977-FCCC7F35B00A}.Test|Any CPU.Build.0 = Debug|Any CPU
		{F3C96EDB-C1D6-430C-8B65-C556EBD7FBE9}.Debug|Any CPU.ActiveCfg = Debug|Any CPU
		{F3C96EDB-C1D6-430C-8B65-C556EBD7FBE9}.Debug|Any CPU.Build.0 = Debug|Any CPU
		{F3C96EDB-C1D6-430C-8B65-C556EBD7FBE9}.Release|Any CPU.ActiveCfg = Release|Any CPU
		{F3C96EDB-C1D6-430C-8B65-C556EBD7FBE9}.Release|Any CPU.Build.0 = Release|Any CPU
		{F3C96EDB-C1D6-430C-8B65-C556EBD7FBE9}.Test|Any CPU.ActiveCfg = Debug|Any CPU
		{F3C96EDB-C1D6-430C-8B65-C556EBD7FBE9}.Test|Any CPU.Build.0 = Debug|Any CPU
		{5DEF6E7C-6040-436B-9319-036601ABEE3E}.Debug|Any CPU.ActiveCfg = Debug|Any CPU
		{5DEF6E7C-6040-436B-9319-036601ABEE3E}.Debug|Any CPU.Build.0 = Debug|Any CPU
		{5DEF6E7C-6040-436B-9319-036601ABEE3E}.Release|Any CPU.ActiveCfg = Release|Any CPU
		{5DEF6E7C-6040-436B-9319-036601ABEE3E}.Release|Any CPU.Build.0 = Release|Any CPU
		{5DEF6E7C-6040-436B-9319-036601ABEE3E}.Test|Any CPU.ActiveCfg = Debug|Any CPU
		{5DEF6E7C-6040-436B-9319-036601ABEE3E}.Test|Any CPU.Build.0 = Debug|Any CPU
		{4867A57B-2D90-4732-8C10-5A26BB143228}.Debug|Any CPU.ActiveCfg = Debug|Any CPU
		{4867A57B-2D90-4732-8C10-5A26BB143228}.Debug|Any CPU.Build.0 = Debug|Any CPU
		{4867A57B-2D90-4732-8C10-5A26BB143228}.Release|Any CPU.ActiveCfg = Release|Any CPU
		{4867A57B-2D90-4732-8C10-5A26BB143228}.Release|Any CPU.Build.0 = Release|Any CPU
		{4867A57B-2D90-4732-8C10-5A26BB143228}.Test|Any CPU.ActiveCfg = Debug|Any CPU
		{4867A57B-2D90-4732-8C10-5A26BB143228}.Test|Any CPU.Build.0 = Debug|Any CPU
		{83DA3AE6-360F-4B91-BA2A-06F068F8EA6D}.Debug|Any CPU.ActiveCfg = Debug|Any CPU
		{83DA3AE6-360F-4B91-BA2A-06F068F8EA6D}.Debug|Any CPU.Build.0 = Debug|Any CPU
		{83DA3AE6-360F-4B91-BA2A-06F068F8EA6D}.Release|Any CPU.ActiveCfg = Release|Any CPU
		{83DA3AE6-360F-4B91-BA2A-06F068F8EA6D}.Release|Any CPU.Build.0 = Release|Any CPU
		{83DA3AE6-360F-4B91-BA2A-06F068F8EA6D}.Test|Any CPU.ActiveCfg = Debug|Any CPU
		{83DA3AE6-360F-4B91-BA2A-06F068F8EA6D}.Test|Any CPU.Build.0 = Debug|Any CPU
		{C6330034-A586-4665-BF27-337F7EFC9D82}.Debug|Any CPU.ActiveCfg = Debug|Any CPU
		{C6330034-A586-4665-BF27-337F7EFC9D82}.Debug|Any CPU.Build.0 = Debug|Any CPU
		{C6330034-A586-4665-BF27-337F7EFC9D82}.Release|Any CPU.ActiveCfg = Release|Any CPU
		{C6330034-A586-4665-BF27-337F7EFC9D82}.Release|Any CPU.Build.0 = Release|Any CPU
		{C6330034-A586-4665-BF27-337F7EFC9D82}.Test|Any CPU.ActiveCfg = Debug|Any CPU
		{C6330034-A586-4665-BF27-337F7EFC9D82}.Test|Any CPU.Build.0 = Debug|Any CPU
		{53EBB987-EFDE-4E9A-A0AD-DFE5CE980547}.Debug|Any CPU.ActiveCfg = Debug|Any CPU
		{53EBB987-EFDE-4E9A-A0AD-DFE5CE980547}.Debug|Any CPU.Build.0 = Debug|Any CPU
		{53EBB987-EFDE-4E9A-A0AD-DFE5CE980547}.Release|Any CPU.ActiveCfg = Release|Any CPU
		{53EBB987-EFDE-4E9A-A0AD-DFE5CE980547}.Release|Any CPU.Build.0 = Release|Any CPU
		{53EBB987-EFDE-4E9A-A0AD-DFE5CE980547}.Test|Any CPU.ActiveCfg = Debug|Any CPU
		{53EBB987-EFDE-4E9A-A0AD-DFE5CE980547}.Test|Any CPU.Build.0 = Debug|Any CPU
		{2C988535-95C5-4DFF-84D4-9F04767FF4BF}.Debug|Any CPU.ActiveCfg = Debug|Any CPU
		{2C988535-95C5-4DFF-84D4-9F04767FF4BF}.Debug|Any CPU.Build.0 = Debug|Any CPU
		{2C988535-95C5-4DFF-84D4-9F04767FF4BF}.Release|Any CPU.ActiveCfg = Release|Any CPU
		{2C988535-95C5-4DFF-84D4-9F04767FF4BF}.Release|Any CPU.Build.0 = Release|Any CPU
		{2C988535-95C5-4DFF-84D4-9F04767FF4BF}.Test|Any CPU.ActiveCfg = Debug|Any CPU
		{2C988535-95C5-4DFF-84D4-9F04767FF4BF}.Test|Any CPU.Build.0 = Debug|Any CPU
		{F8B9CA9A-4C46-4914-B287-73EA021E13C0}.Debug|Any CPU.ActiveCfg = Debug|Any CPU
		{F8B9CA9A-4C46-4914-B287-73EA021E13C0}.Debug|Any CPU.Build.0 = Debug|Any CPU
		{F8B9CA9A-4C46-4914-B287-73EA021E13C0}.Release|Any CPU.ActiveCfg = Release|Any CPU
		{F8B9CA9A-4C46-4914-B287-73EA021E13C0}.Release|Any CPU.Build.0 = Release|Any CPU
		{F8B9CA9A-4C46-4914-B287-73EA021E13C0}.Test|Any CPU.ActiveCfg = Debug|Any CPU
		{F8B9CA9A-4C46-4914-B287-73EA021E13C0}.Test|Any CPU.Build.0 = Debug|Any CPU
		{90EFCC5A-6790-4270-A1F2-63CC4D2A20DE}.Debug|Any CPU.ActiveCfg = Debug|Any CPU
		{90EFCC5A-6790-4270-A1F2-63CC4D2A20DE}.Debug|Any CPU.Build.0 = Debug|Any CPU
		{90EFCC5A-6790-4270-A1F2-63CC4D2A20DE}.Release|Any CPU.ActiveCfg = Release|Any CPU
		{90EFCC5A-6790-4270-A1F2-63CC4D2A20DE}.Release|Any CPU.Build.0 = Release|Any CPU
		{90EFCC5A-6790-4270-A1F2-63CC4D2A20DE}.Test|Any CPU.ActiveCfg = Debug|Any CPU
		{90EFCC5A-6790-4270-A1F2-63CC4D2A20DE}.Test|Any CPU.Build.0 = Debug|Any CPU
		{654AC608-5495-4C4B-B66D-973F32E0E0B7}.Debug|Any CPU.ActiveCfg = Debug|Any CPU
		{654AC608-5495-4C4B-B66D-973F32E0E0B7}.Debug|Any CPU.Build.0 = Debug|Any CPU
		{654AC608-5495-4C4B-B66D-973F32E0E0B7}.Release|Any CPU.ActiveCfg = Release|Any CPU
		{654AC608-5495-4C4B-B66D-973F32E0E0B7}.Release|Any CPU.Build.0 = Release|Any CPU
		{654AC608-5495-4C4B-B66D-973F32E0E0B7}.Test|Any CPU.ActiveCfg = Debug|Any CPU
		{654AC608-5495-4C4B-B66D-973F32E0E0B7}.Test|Any CPU.Build.0 = Debug|Any CPU
	EndGlobalSection
	GlobalSection(SolutionProperties) = preSolution
		HideSolutionNode = FALSE
	EndGlobalSection
	GlobalSection(ExtensibilityGlobals) = postSolution
		SolutionGuid = {983DF397-EC01-4CD8-ABEE-4D08CD0D2DCE}
	EndGlobalSection
EndGlobal
